// !$*UTF8*$!
{
	archiveVersion = 1;
	classes = {
	};
	objectVersion = 50;
	objects = {

/* Begin PBXBuildFile section */
		633F49BC243781F5001D5AAB /* ViewControllerFilters.swift in Sources */ = {isa = PBXBuildFile; fileRef = 633F49BB243781F5001D5AAB /* ViewControllerFilters.swift */; };
		635C0A0724364127005720E8 /* Student.swift in Sources */ = {isa = PBXBuildFile; fileRef = 635C0A0624364127005720E8 /* Student.swift */; };
		63DE0B2D2435E57A003178D9 /* AppDelegate.swift in Sources */ = {isa = PBXBuildFile; fileRef = 63DE0B2C2435E57A003178D9 /* AppDelegate.swift */; };
		63DE0B2F2435E57A003178D9 /* SceneDelegate.swift in Sources */ = {isa = PBXBuildFile; fileRef = 63DE0B2E2435E57A003178D9 /* SceneDelegate.swift */; };
		63DE0B312435E57A003178D9 /* ViewController.swift in Sources */ = {isa = PBXBuildFile; fileRef = 63DE0B302435E57A003178D9 /* ViewController.swift */; };
		63DE0B342435E57A003178D9 /* Main.storyboard in Resources */ = {isa = PBXBuildFile; fileRef = 63DE0B322435E57A003178D9 /* Main.storyboard */; };
		63DE0B362435E57B003178D9 /* Assets.xcassets in Resources */ = {isa = PBXBuildFile; fileRef = 63DE0B352435E57B003178D9 /* Assets.xcassets */; };
		63DE0B392435E57B003178D9 /* LaunchScreen.storyboard in Resources */ = {isa = PBXBuildFile; fileRef = 63DE0B372435E57B003178D9 /* LaunchScreen.storyboard */; };
/* End PBXBuildFile section */

/* Begin PBXFileReference section */
		633F49BB243781F5001D5AAB /* ViewControllerFilters.swift */ = {isa = PBXFileReference; lastKnownFileType = sourcecode.swift; path = ViewControllerFilters.swift; sourceTree = "<group>"; };
		635C0A0624364127005720E8 /* Student.swift */ = {isa = PBXFileReference; lastKnownFileType = sourcecode.swift; path = Student.swift; sourceTree = "<group>"; };
		63DE0B292435E57A003178D9 /* Students.app */ = {isa = PBXFileReference; explicitFileType = wrapper.application; includeInIndex = 0; path = Students.app; sourceTree = BUILT_PRODUCTS_DIR; };
		63DE0B2C2435E57A003178D9 /* AppDelegate.swift */ = {isa = PBXFileReference; lastKnownFileType = sourcecode.swift; path = AppDelegate.swift; sourceTree = "<group>"; };
		63DE0B2E2435E57A003178D9 /* SceneDelegate.swift */ = {isa = PBXFileReference; lastKnownFileType = sourcecode.swift; path = SceneDelegate.swift; sourceTree = "<group>"; };
		63DE0B302435E57A003178D9 /* ViewController.swift */ = {isa = PBXFileReference; lastKnownFileType = sourcecode.swift; path = ViewController.swift; sourceTree = "<group>"; };
		63DE0B332435E57A003178D9 /* Base */ = {isa = PBXFileReference; lastKnownFileType = file.storyboard; name = Base; path = Base.lproj/Main.storyboard; sourceTree = "<group>"; };
		63DE0B352435E57B003178D9 /* Assets.xcassets */ = {isa = PBXFileReference; lastKnownFileType = folder.assetcatalog; path = Assets.xcassets; sourceTree = "<group>"; };
		63DE0B382435E57B003178D9 /* Base */ = {isa = PBXFileReference; lastKnownFileType = file.storyboard; name = Base; path = Base.lproj/LaunchScreen.storyboard; sourceTree = "<group>"; };
		63DE0B3A2435E57B003178D9 /* Info.plist */ = {isa = PBXFileReference; lastKnownFileType = text.plist.xml; path = Info.plist; sourceTree = "<group>"; };
/* End PBXFileReference section */

/* Begin PBXFrameworksBuildPhase section */
		63DE0B262435E57A003178D9 /* Frameworks */ = {
			isa = PBXFrameworksBuildPhase;
			buildActionMask = 2147483647;
			files = (
			);
			runOnlyForDeploymentPostprocessing = 0;
		};
/* End PBXFrameworksBuildPhase section */

/* Begin PBXGroup section */
		63DE0B202435E57A003178D9 = {
			isa = PBXGroup;
			children = (
				63DE0B2B2435E57A003178D9 /* Students */,
				63DE0B2A2435E57A003178D9 /* Products */,
			);
			sourceTree = "<group>";
		};
		63DE0B2A2435E57A003178D9 /* Products */ = {
			isa = PBXGroup;
			children = (
				63DE0B292435E57A003178D9 /* Students.app */,
			);
			name = Products;
			sourceTree = "<group>";
		};
		63DE0B2B2435E57A003178D9 /* Students */ = {
			isa = PBXGroup;
			children = (
				63DE0B2C2435E57A003178D9 /* AppDelegate.swift */,
				63DE0B2E2435E57A003178D9 /* SceneDelegate.swift */,
				635C0A0624364127005720E8 /* Student.swift */,
				63DE0B302435E57A003178D9 /* ViewController.swift */,
				633F49BB243781F5001D5AAB /* ViewControllerFilters.swift */,
				63DE0B322435E57A003178D9 /* Main.storyboard */,
				63DE0B352435E57B003178D9 /* Assets.xcassets */,
				63DE0B372435E57B003178D9 /* LaunchScreen.storyboard */,
				63DE0B3A2435E57B003178D9 /* Info.plist */,
			);
			path = Students;
			sourceTree = "<group>";
		};
/* End PBXGroup section */

/* Begin PBXNativeTarget section */
		63DE0B282435E57A003178D9 /* Students */ = {
			isa = PBXNativeTarget;
			buildConfigurationList = 63DE0B3D2435E57B003178D9 /* Build configuration list for PBXNativeTarget "Students" */;
			buildPhases = (
				63DE0B252435E57A003178D9 /* Sources */,
				63DE0B262435E57A003178D9 /* Frameworks */,
				63DE0B272435E57A003178D9 /* Resources */,
			);
			buildRules = (
			);
			dependencies = (
			);
			name = Students;
			productName = Students;
			productReference = 63DE0B292435E57A003178D9 /* Students.app */;
			productType = "com.apple.product-type.application";
		};
/* End PBXNativeTarget section */

/* Begin PBXProject section */
		63DE0B212435E57A003178D9 /* Project object */ = {
			isa = PBXProject;
			attributes = {
				LastSwiftUpdateCheck = 1140;
				LastUpgradeCheck = 1140;
				ORGANIZATIONNAME = example;
				TargetAttributes = {
					63DE0B282435E57A003178D9 = {
						CreatedOnToolsVersion = 11.4;
					};
				};
			};
			buildConfigurationList = 63DE0B242435E57A003178D9 /* Build configuration list for PBXProject "Students" */;
			compatibilityVersion = "Xcode 9.3";
			developmentRegion = en;
			hasScannedForEncodings = 0;
			knownRegions = (
				en,
				Base,
			);
			mainGroup = 63DE0B202435E57A003178D9;
			productRefGroup = 63DE0B2A2435E57A003178D9 /* Products */;
			projectDirPath = "";
			projectRoot = "";
			targets = (
				63DE0B282435E57A003178D9 /* Students */,
			);
		};
/* End PBXProject section */

/* Begin PBXResourcesBuildPhase section */
		63DE0B272435E57A003178D9 /* Resources */ = {
			isa = PBXResourcesBuildPhase;
			buildActionMask = 2147483647;
			files = (
				63DE0B392435E57B003178D9 /* LaunchScreen.storyboard in Resources */,
				63DE0B362435E57B003178D9 /* Assets.xcassets in Resources */,
				63DE0B342435E57A003178D9 /* Main.storyboard in Resources */,
			);
			runOnlyForDeploymentPostprocessing = 0;
		};
/* End PBXResourcesBuildPhase section */

/* Begin PBXSourcesBuildPhase section */
		63DE0B252435E57A003178D9 /* Sources */ = {
			isa = PBXSourcesBuildPhase;
			buildActionMask = 2147483647;
			files = (
				63DE0B312435E57A003178D9 /* ViewController.swift in Sources */,
				633F49BC243781F5001D5AAB /* ViewControllerFilters.swift in Sources */,
				63DE0B2D2435E57A003178D9 /* AppDelegate.swift in Sources */,
				63DE0B2F2435E57A003178D9 /* SceneDelegate.swift in Sources */,
				635C0A0724364127005720E8 /* Student.swift in Sources */,
			);
			runOnlyForDeploymentPostprocessing = 0;
		};
/* End PBXSourcesBuildPhase section */

/* Begin PBXVariantGroup section */
		63DE0B322435E57A003178D9 /* Main.storyboard */ = {
			isa = PBXVariantGroup;
			children = (
				63DE0B332435E57A003178D9 /* Base */,
			);
			name = Main.storyboard;
			sourceTree = "<group>";
		};
		63DE0B372435E57B003178D9 /* LaunchScreen.storyboard */ = {
			isa = PBXVariantGroup;
			children = (
				63DE0B382435E57B003178D9 /* Base */,
			);
			name = LaunchScreen.storyboard;
			sourceTree = "<group>";
		};
/* End PBXVariantGroup section */

/* Begin XCBuildConfiguration section */
		63DE0B3B2435E57B003178D9 /* Debug */ = {
			isa = XCBuildConfiguration;
			buildSettings = {
				ALWAYS_SEARCH_USER_PATHS = NO;
				CLANG_ANALYZER_NONNULL = YES;
				CLANG_ANALYZER_NUMBER_OBJECT_CONVERSION = YES_AGGRESSIVE;
				CLANG_CXX_LANGUAGE_STANDARD = "gnu++14";
				CLANG_CXX_LIBRARY = "libc++";
				CLANG_ENABLE_MODULES = YES;
				CLANG_ENABLE_OBJC_ARC = YES;
				CLANG_ENABLE_OBJC_WEAK = YES;
				CLANG_WARN_BLOCK_CAPTURE_AUTORELEASING = YES;
				CLANG_WARN_BOOL_CONVERSION = YES;
				CLANG_WARN_COMMA = YES;
				CLANG_WARN_CONSTANT_CONVERSION = YES;
				CLANG_WARN_DEPRECATED_OBJC_IMPLEMENTATIONS = YES;
				CLANG_WARN_DIRECT_OBJC_ISA_USAGE = YES_ERROR;
				CLANG_WARN_DOCUMENTATION_COMMENTS = YES;
				CLANG_WARN_EMPTY_BODY = YES;
				CLANG_WARN_ENUM_CONVERSION = YES;
				CLANG_WARN_INFINITE_RECURSION = YES;
				CLANG_WARN_INT_CONVERSION = YES;
				CLANG_WARN_NON_LITERAL_NULL_CONVERSION = YES;
				CLANG_WARN_OBJC_IMPLICIT_RETAIN_SELF = YES;
				CLANG_WARN_OBJC_LITERAL_CONVERSION = YES;
				CLANG_WARN_OBJC_ROOT_CLASS = YES_ERROR;
				CLANG_WARN_RANGE_LOOP_ANALYSIS = YES;
				CLANG_WARN_STRICT_PROTOTYPES = YES;
				CLANG_WARN_SUSPICIOUS_MOVE = YES;
				CLANG_WARN_UNGUARDED_AVAILABILITY = YES_AGGRESSIVE;
				CLANG_WARN_UNREACHABLE_CODE = YES;
				CLANG_WARN__DUPLICATE_METHOD_MATCH = YES;
				COPY_PHASE_STRIP = NO;
				DEBUG_INFORMATION_FORMAT = dwarf;
				ENABLE_STRICT_OBJC_MSGSEND = YES;
				ENABLE_TESTABILITY = YES;
				GCC_C_LANGUAGE_STANDARD = gnu11;
				GCC_DYNAMIC_NO_PIC = NO;
				GCC_NO_COMMON_BLOCKS = YES;
				GCC_OPTIMIZATION_LEVEL = 0;
				GCC_PREPROCESSOR_DEFINITIONS = (
					"DEBUG=1",
					"$(inherited)",
				);
				GCC_WARN_64_TO_32_BIT_CONVERSION = YES;
				GCC_WARN_ABOUT_RETURN_TYPE = YES_ERROR;
				GCC_WARN_UNDECLARED_SELECTOR = YES;
				GCC_WARN_UNINITIALIZED_AUTOS = YES_AGGRESSIVE;
				GCC_WARN_UNUSED_FUNCTION = YES;
				GCC_WARN_UNUSED_VARIABLE = YES;
				IPHONEOS_DEPLOYMENT_TARGET = 13.4;
				MTL_ENABLE_DEBUG_INFO = INCLUDE_SOURCE;
				MTL_FAST_MATH = YES;
				ONLY_ACTIVE_ARCH = YES;
				SDKROOT = iphoneos;
				SWIFT_ACTIVE_COMPILATION_CONDITIONS = DEBUG;
				SWIFT_OPTIMIZATION_LEVEL = "-Onone";
			};
			name = Debug;
		};
		63DE0B3C2435E57B003178D9 /* Release */ = {
			isa = XCBuildConfiguration;
			buildSettings = {
				ALWAYS_SEARCH_USER_PATHS = NO;
				CLANG_ANALYZER_NONNULL = YES;
				CLANG_ANALYZER_NUMBER_OBJECT_CONVERSION = YES_AGGRESSIVE;
				CLANG_CXX_LANGUAGE_STANDARD = "gnu++14";
				CLANG_CXX_LIBRARY = "libc++";
				CLANG_ENABLE_MODULES = YES;
				CLANG_ENABLE_OBJC_ARC = YES;
				CLANG_ENABLE_OBJC_WEAK = YES;
				CLANG_WARN_BLOCK_CAPTURE_AUTORELEASING = YES;
				CLANG_WARN_BOOL_CONVERSION = YES;
				CLANG_WARN_COMMA = YES;
				CLANG_WARN_CONSTANT_CONVERSION = YES;
				CLANG_WARN_DEPRECATED_OBJC_IMPLEMENTATIONS = YES;
				CLANG_WARN_DIRECT_OBJC_ISA_USAGE = YES_ERROR;
				CLANG_WARN_DOCUMENTATION_COMMENTS = YES;
				CLANG_WARN_EMPTY_BODY = YES;
				CLANG_WARN_ENUM_CONVERSION = YES;
				CLANG_WARN_INFINITE_RECURSION = YES;
				CLANG_WARN_INT_CONVERSION = YES;
				CLANG_WARN_NON_LITERAL_NULL_CONVERSION = YES;
				CLANG_WARN_OBJC_IMPLICIT_RETAIN_SELF = YES;
				CLANG_WARN_OBJC_LITERAL_CONVERSION = YES;
				CLANG_WARN_OBJC_ROOT_CLASS = YES_ERROR;
				CLANG_WARN_RANGE_LOOP_ANALYSIS = YES;
				CLANG_WARN_STRICT_PROTOTYPES = YES;
				CLANG_WARN_SUSPICIOUS_MOVE = YES;
				CLANG_WARN_UNGUARDED_AVAILABILITY = YES_AGGRESSIVE;
				CLANG_WARN_UNREACHABLE_CODE = YES;
				CLANG_WARN__DUPLICATE_METHOD_MATCH = YES;
				COPY_PHASE_STRIP = NO;
				DEBUG_INFORMATION_FORMAT = "dwarf-with-dsym";
				ENABLE_NS_ASSERTIONS = NO;
				ENABLE_STRICT_OBJC_MSGSEND = YES;
				GCC_C_LANGUAGE_STANDARD = gnu11;
				GCC_NO_COMMON_BLOCKS = YES;
				GCC_WARN_64_TO_32_BIT_CONVERSION = YES;
				GCC_WARN_ABOUT_RETURN_TYPE = YES_ERROR;
				GCC_WARN_UNDECLARED_SELECTOR = YES;
				GCC_WARN_UNINITIALIZED_AUTOS = YES_AGGRESSIVE;
				GCC_WARN_UNUSED_FUNCTION = YES;
				GCC_WARN_UNUSED_VARIABLE = YES;
				IPHONEOS_DEPLOYMENT_TARGET = 13.4;
				MTL_ENABLE_DEBUG_INFO = NO;
				MTL_FAST_MATH = YES;
				SDKROOT = iphoneos;
				SWIFT_COMPILATION_MODE = wholemodule;
				SWIFT_OPTIMIZATION_LEVEL = "-O";
				VALIDATE_PRODUCT = YES;
			};
			name = Release;
		};
		63DE0B3E2435E57B003178D9 /* Debug */ = {
			isa = XCBuildConfiguration;
			buildSettings = {
				ASSETCATALOG_COMPILER_APPICON_NAME = AppIcon;
				CODE_SIGN_STYLE = Automatic;
				INFOPLIST_FILE = Students/Info.plist;
				LD_RUNPATH_SEARCH_PATHS = (
					"$(inherited)",
					"@executable_path/Frameworks",
				);
				PRODUCT_BUNDLE_IDENTIFIER = example.com.Students;
				PRODUCT_NAME = "$(TARGET_NAME)";
				SWIFT_VERSION = 5.0;
				TARGETED_DEVICE_FAMILY = "1,2";
			};
			name = Debug;
		};
		63DE0B3F2435E57B003178D9 /* Release */ = {
			isa = XCBuildConfiguration;
			buildSettings = {
				ASSETCATALOG_COMPILER_APPICON_NAME = AppIcon;
				CODE_SIGN_STYLE = Automatic;
				INFOPLIST_FILE = Students/Info.plist;
				LD_RUNPATH_SEARCH_PATHS = (
					"$(inherited)",
					"@executable_path/Frameworks",
				);
				PRODUCT_BUNDLE_IDENTIFIER = example.com.Students;
				PRODUCT_NAME = "$(TARGET_NAME)";
				SWIFT_VERSION = 5.0;
				TARGETED_DEVICE_FAMILY = "1,2";
			};
			name = Release;
		};
/* End XCBuildConfiguration section */

/* Begin XCConfigurationList section */
		63DE0B242435E57A003178D9 /* Build configuration list for PBXProject "Students" */ = {
			isa = XCConfigurationList;
			buildConfigurations = (
				63DE0B3B2435E57B003178D9 /* Debug */,
				63DE0B3C2435E57B003178D9 /* Release */,
			);
			defaultConfigurationIsVisible = 0;
			defaultConfigurationName = Release;
		};
		63DE0B3D2435E57B003178D9 /* Build configuration list for PBXNativeTarget "Students" */ = {
			isa = XCConfigurationList;
			buildConfigurations = (
				63DE0B3E2435E57B003178D9 /* Debug */,
				63DE0B3F2435E57B003178D9 /* Release */,
			);
			defaultConfigurationIsVisible = 0;
			defaultConfigurationName = Release;
		};
/* End XCConfigurationList section */
	};
	rootObject = 63DE0B212435E57A003178D9 /* Project object */;
}
